
Microsoft Visual Studio Solution File, Format Version 12.00
# Visual Studio Version 17
VisualStudioVersion = 17.0.31912.275
MinimumVisualStudioVersion = 10.0.40219.1
Project("{2150E333-8FDC-42A3-9474-1A3956D46DE8}") = "Tests", "Tests", "{70515E66-DAF8-4D18-8F8F-8A2934171AA9}"
EndProject
Project("{2150E333-8FDC-42A3-9474-1A3956D46DE8}") = "Solution Items", "Solution Items", "{4E12E4C1-2EC6-4EC7-8956-AF2721DA4ECE}"
	ProjectSection(SolutionItems) = preProject
		.editorconfig = .editorconfig
		.github\workflows\build-workflow.yml = .github\workflows\build-workflow.yml
		.github\workflows\build.yml = .github\workflows\build.yml
		.github\workflows\codeql-analysis.yml = .github\workflows\codeql-analysis.yml
		build\common.props = build\common.props
		tests\Directory.Build.props = tests\Directory.Build.props
		src\Directory.Build.props = src\Directory.Build.props
		NuGet.config = NuGet.config
		README.md = README.md
	EndProjectSection
EndProject
Project("{2150E333-8FDC-42A3-9474-1A3956D46DE8}") = "Samples", "Samples", "{A1DFF80C-113F-4FEC-84BB-1E3790FB410F}"
EndProject
Project("{9A19103F-16F7-4668-BE54-9A1E7A4F7556}") = "Foundatio", "src\Foundatio\Foundatio.csproj", "{392A3FAB-0067-4A9E-968A-0919B565B51C}"
EndProject
Project("{9A19103F-16F7-4668-BE54-9A1E7A4F7556}") = "Foundatio.HostingSample", "samples\Foundatio.HostingSample\Foundatio.HostingSample.csproj", "{39AFF0C0-D64A-4D57-871F-17D9BF2E5A93}"
EndProject
Project("{9A19103F-16F7-4668-BE54-9A1E7A4F7556}") = "Foundatio.TestHarness", "src\Foundatio.TestHarness\Foundatio.TestHarness.csproj", "{6A0F1A4B-C0D2-423C-9B9D-7E75B91B41EE}"
EndProject
Project("{9A19103F-16F7-4668-BE54-9A1E7A4F7556}") = "Foundatio.Tests", "tests\Foundatio.Tests\Foundatio.Tests.csproj", "{99CBF75F-9204-4D7E-A792-4377C0291900}"
EndProject
Project("{9A19103F-16F7-4668-BE54-9A1E7A4F7556}") = "Foundatio.Xunit", "src\Foundatio.Xunit\Foundatio.Xunit.csproj", "{3DDBC32D-E222-41AD-B2D7-FE9E560948F1}"
EndProject
Project("{9A19103F-16F7-4668-BE54-9A1E7A4F7556}") = "Foundatio.JsonNet", "src\Foundatio.JsonNet\Foundatio.JsonNet.csproj", "{BAC1367C-0C16-4B9B-8965-598EC2733A85}"
EndProject
Project("{9A19103F-16F7-4668-BE54-9A1E7A4F7556}") = "Foundatio.Utf8Json", "src\Foundatio.Utf8Json\Foundatio.Utf8Json.csproj", "{44A5A11C-4D9E-4219-9E56-46F07E37A3B0}"
EndProject
Project("{9A19103F-16F7-4668-BE54-9A1E7A4F7556}") = "Foundatio.Extensions.Hosting", "src\Foundatio.Extensions.Hosting\Foundatio.Extensions.Hosting.csproj", "{FC503293-E2AD-4FE8-856E-F2605D0422D1}"
EndProject
Project("{9A19103F-16F7-4668-BE54-9A1E7A4F7556}") = "Foundatio.MessagePack", "src\Foundatio.MessagePack\Foundatio.MessagePack.csproj", "{1D0CF7B3-D0B3-4739-A280-5C0822169E08}"
EndProject
Project("{9A19103F-16F7-4668-BE54-9A1E7A4F7556}") = "Foundatio.AWS", "..\Foundatio.AWS\src\Foundatio.AWS\Foundatio.AWS.csproj", "{2D2DBEA1-A199-4311-8F29-CF7AD5EE1C47}"
EndProject
Project("{9A19103F-16F7-4668-BE54-9A1E7A4F7556}") = "Foundatio.AWS.Tests", "..\Foundatio.AWS\tests\Foundatio.AWS.Tests\Foundatio.AWS.Tests.csproj", "{176029C1-30FC-45C0-88B1-4F06E8E0FF16}"
EndProject
Project("{9A19103F-16F7-4668-BE54-9A1E7A4F7556}") = "Foundatio.Aliyun", "..\Foundatio.Aliyun\src\Foundatio.Aliyun\Foundatio.Aliyun.csproj", "{A5C3DC7C-1E3C-4765-8F7C-5EA67373AB0A}"
EndProject
Project("{9A19103F-16F7-4668-BE54-9A1E7A4F7556}") = "Foundatio.AzureServiceBus", "..\Foundatio.AzureServiceBus\src\Foundatio.AzureServiceBus\Foundatio.AzureServiceBus.csproj", "{485C143A-CF18-4C03-9197-BEBAAC579BE9}"
EndProject
Project("{9A19103F-16F7-4668-BE54-9A1E7A4F7556}") = "Foundatio.AzureStorage", "..\Foundatio.AzureStorage\src\Foundatio.AzureStorage\Foundatio.AzureStorage.csproj", "{4D584814-153E-41AF-BB54-4DE708E6069C}"
EndProject
Project("{9A19103F-16F7-4668-BE54-9A1E7A4F7556}") = "Foundatio.Minio", "..\Foundatio.Minio\src\Foundatio.Minio\Foundatio.Minio.csproj", "{A9C0B6E3-CDC4-422A-8181-8E937D1D3FBF}"
EndProject
Project("{9A19103F-16F7-4668-BE54-9A1E7A4F7556}") = "Foundatio.Parsers.ElasticQueries", "..\Foundatio.Parsers\src\Foundatio.Parsers.ElasticQueries\Foundatio.Parsers.ElasticQueries.csproj", "{24A933BA-0CA2-445B-B7DC-170C54293C3C}"
EndProject
Project("{9A19103F-16F7-4668-BE54-9A1E7A4F7556}") = "Foundatio.Parsers.LuceneQueries", "..\Foundatio.Parsers\src\Foundatio.Parsers.LuceneQueries\Foundatio.Parsers.LuceneQueries.csproj", "{38FDEC89-ABD0-4532-857B-1702259A6E60}"
EndProject
Project("{9A19103F-16F7-4668-BE54-9A1E7A4F7556}") = "Foundatio.RabbitMQ", "..\Foundatio.RabbitMQ\src\Foundatio.RabbitMQ\Foundatio.RabbitMQ.csproj", "{4848D5A6-B548-4EA5-B2AA-8F714CE86C06}"
EndProject
Project("{9A19103F-16F7-4668-BE54-9A1E7A4F7556}") = "Foundatio.Redis", "..\Foundatio.Redis\src\Foundatio.Redis\Foundatio.Redis.csproj", "{BBAADBD1-EA1B-45DF-8569-B0DB5CEDFBDE}"
EndProject
Project("{9A19103F-16F7-4668-BE54-9A1E7A4F7556}") = "Foundatio.Repositories", "..\Foundatio.Repositories\src\Foundatio.Repositories\Foundatio.Repositories.csproj", "{B6CAAB44-0D58-4EA9-9B4C-6FC15BD6A4C0}"
EndProject
Project("{9A19103F-16F7-4668-BE54-9A1E7A4F7556}") = "Foundatio.Repositories.Elasticsearch", "..\Foundatio.Repositories\src\Foundatio.Repositories.Elasticsearch\Foundatio.Repositories.Elasticsearch.csproj", "{DDBFBA07-AE35-4EFA-925E-6AE5A004A76B}"
EndProject
Project("{9A19103F-16F7-4668-BE54-9A1E7A4F7556}") = "Foundatio.Storage.SshNet", "..\Foundatio.Storage.SshNet\src\Foundatio.Storage.SshNet\Foundatio.Storage.SshNet.csproj", "{8BC3F28C-2BB2-4445-9355-7954E556A09B}"
EndProject
Project("{9A19103F-16F7-4668-BE54-9A1E7A4F7556}") = "Foundatio.Aliyun.Tests", "..\Foundatio.Aliyun\tests\Foundatio.Aliyun.Tests\Foundatio.Aliyun.Tests.csproj", "{FAB3FB34-3477-43C8-BBA5-FDEBE1DF34D4}"
EndProject
Project("{9A19103F-16F7-4668-BE54-9A1E7A4F7556}") = "Foundatio.AzureServiceBus.Tests", "..\Foundatio.AzureServiceBus\tests\Foundatio.AzureServiceBus.Tests\Foundatio.AzureServiceBus.Tests.csproj", "{960B09D2-354A-4F23-84E2-370287038BAA}"
EndProject
Project("{9A19103F-16F7-4668-BE54-9A1E7A4F7556}") = "Foundatio.AzureStorage.Tests", "..\Foundatio.AzureStorage\tests\Foundatio.AzureStorage.Tests\Foundatio.AzureStorage.Tests.csproj", "{7A718E77-35C6-46B1-A187-9FD71A71FD1F}"
EndProject
Project("{9A19103F-16F7-4668-BE54-9A1E7A4F7556}") = "Foundatio.Minio.Tests", "..\Foundatio.Minio\tests\Foundatio.Minio.Tests\Foundatio.Minio.Tests.csproj", "{A4F20651-F9EF-4656-9A09-40F08AEBD06A}"
EndProject
Project("{9A19103F-16F7-4668-BE54-9A1E7A4F7556}") = "Foundatio.Parsers.LuceneQueries.Tests", "..\Foundatio.Parsers\tests\Foundatio.Parsers.LuceneQueries.Tests\Foundatio.Parsers.LuceneQueries.Tests.csproj", "{256BF93E-AFE2-49C5-856E-8428610E8597}"
EndProject
Project("{9A19103F-16F7-4668-BE54-9A1E7A4F7556}") = "Foundatio.RabbitMQ.Tests", "..\Foundatio.RabbitMQ\tests\Foundatio.RabbitMQ.Tests\Foundatio.RabbitMQ.Tests.csproj", "{AB039B0F-F748-4772-8D7D-07018FA6CD3E}"
EndProject
Project("{9A19103F-16F7-4668-BE54-9A1E7A4F7556}") = "Foundatio.Redis.Tests", "..\Foundatio.Redis\tests\Foundatio.Redis.Tests\Foundatio.Redis.Tests.csproj", "{BB5371A6-DD39-4F59-AC5B-EEAA087EBF7B}"
EndProject
Project("{9A19103F-16F7-4668-BE54-9A1E7A4F7556}") = "Foundatio.Repositories.Elasticsearch.Tests", "..\Foundatio.Repositories\tests\Foundatio.Repositories.Elasticsearch.Tests\Foundatio.Repositories.Elasticsearch.Tests.csproj", "{EAF2535F-F943-499C-9260-0ADA6F0523C2}"
EndProject
Project("{9A19103F-16F7-4668-BE54-9A1E7A4F7556}") = "Foundatio.Repositories.Tests", "..\Foundatio.Repositories\tests\Foundatio.Repositories.Tests\Foundatio.Repositories.Tests.csproj", "{488C58C3-6510-4A77-9EFC-30041E8B28A1}"
EndProject
Project("{9A19103F-16F7-4668-BE54-9A1E7A4F7556}") = "Foundatio.Storage.SshNet.Tests", "..\Foundatio.Storage.SshNet\tests\Foundatio.Storage.SshNet.Tests\Foundatio.Storage.SshNet.Tests.csproj", "{AD5EAA6E-E914-4F6E-80F0-D09FC0D85E21}"
EndProject
Project("{9A19103F-16F7-4668-BE54-9A1E7A4F7556}") = "Foundatio.SampleJob", "..\Foundatio.Redis\samples\Foundatio.SampleJob\Foundatio.SampleJob.csproj", "{4F3EF4C1-FD7E-428F-9C59-444BA109928D}"
EndProject
Project("{9A19103F-16F7-4668-BE54-9A1E7A4F7556}") = "Foundatio.SampleJobClient", "..\Foundatio.Redis\samples\Foundatio.SampleJobClient\Foundatio.SampleJobClient.csproj", "{1D795979-0592-4B0C-BA55-332F48396D79}"
EndProject
Project("{9A19103F-16F7-4668-BE54-9A1E7A4F7556}") = "Foundatio.RabbitMQ.Publish", "..\Foundatio.RabbitMQ\samples\Foundatio.RabbitMQ.Publish\Foundatio.RabbitMQ.Publish.csproj", "{F240345B-A680-4398-9FE8-1F589D3A09DB}"
EndProject
Project("{9A19103F-16F7-4668-BE54-9A1E7A4F7556}") = "Foundatio.RabbitMQ.Subscribe", "..\Foundatio.RabbitMQ\samples\Foundatio.RabbitMQ.Subscribe\Foundatio.RabbitMQ.Subscribe.csproj", "{1BFF4141-586B-410A-86EE-A107C314113D}"
EndProject
Project("{9A19103F-16F7-4668-BE54-9A1E7A4F7556}") = "Foundatio.Kafka.Tests", "..\Foundatio.Kafka\tests\Foundatio.Kafka.Tests\Foundatio.Kafka.Tests.csproj", "{DF1C1264-6021-4487-B81E-32405004D013}"
EndProject
Project("{9A19103F-16F7-4668-BE54-9A1E7A4F7556}") = "Foundatio.Kafka", "..\Foundatio.Kafka\src\Foundatio.Kafka\Foundatio.Kafka.csproj", "{D86E4DAA-67A5-4962-BC34-EBDCFDD08551}"
EndProject
Project("{9A19103F-16F7-4668-BE54-9A1E7A4F7556}") = "Foundatio.Kafka.Publish", "..\Foundatio.Kafka\samples\Foundatio.Kafka.Publish\Foundatio.Kafka.Publish.csproj", "{3CFBAED8-1FCD-4237-B7E6-59FCDC4FB0F5}"
EndProject
Project("{9A19103F-16F7-4668-BE54-9A1E7A4F7556}") = "Foundatio.Kafka.Subscribe", "..\Foundatio.Kafka\samples\Foundatio.Kafka.Subscribe\Foundatio.Kafka.Subscribe.csproj", "{0B2C6825-972B-4B52-84A6-81C668FFCD5C}"
EndProject
Project("{9A19103F-16F7-4668-BE54-9A1E7A4F7556}") = "Foundatio.Parsers.ElasticQueries.Tests", "..\Foundatio.Parsers\tests\Foundatio.Parsers.ElasticQueries.Tests\Foundatio.Parsers.ElasticQueries.Tests.csproj", "{F25CB5A4-DE0E-4476-9736-DCD619BC8960}"
EndProject
Global
	GlobalSection(SolutionConfigurationPlatforms) = preSolution
		Debug|Any CPU = Debug|Any CPU
		Release|Any CPU = Release|Any CPU
	EndGlobalSection
	GlobalSection(ProjectConfigurationPlatforms) = postSolution
		{392A3FAB-0067-4A9E-968A-0919B565B51C}.Debug|Any CPU.ActiveCfg = Debug|Any CPU
		{392A3FAB-0067-4A9E-968A-0919B565B51C}.Debug|Any CPU.Build.0 = Debug|Any CPU
		{392A3FAB-0067-4A9E-968A-0919B565B51C}.Release|Any CPU.ActiveCfg = Release|Any CPU
		{392A3FAB-0067-4A9E-968A-0919B565B51C}.Release|Any CPU.Build.0 = Release|Any CPU
		{39AFF0C0-D64A-4D57-871F-17D9BF2E5A93}.Debug|Any CPU.ActiveCfg = Debug|Any CPU
		{39AFF0C0-D64A-4D57-871F-17D9BF2E5A93}.Debug|Any CPU.Build.0 = Debug|Any CPU
		{39AFF0C0-D64A-4D57-871F-17D9BF2E5A93}.Release|Any CPU.ActiveCfg = Release|Any CPU
		{39AFF0C0-D64A-4D57-871F-17D9BF2E5A93}.Release|Any CPU.Build.0 = Release|Any CPU
		{6A0F1A4B-C0D2-423C-9B9D-7E75B91B41EE}.Debug|Any CPU.ActiveCfg = Debug|Any CPU
		{6A0F1A4B-C0D2-423C-9B9D-7E75B91B41EE}.Debug|Any CPU.Build.0 = Debug|Any CPU
		{6A0F1A4B-C0D2-423C-9B9D-7E75B91B41EE}.Release|Any CPU.ActiveCfg = Release|Any CPU
		{6A0F1A4B-C0D2-423C-9B9D-7E75B91B41EE}.Release|Any CPU.Build.0 = Release|Any CPU
		{99CBF75F-9204-4D7E-A792-4377C0291900}.Debug|Any CPU.ActiveCfg = Debug|Any CPU
		{99CBF75F-9204-4D7E-A792-4377C0291900}.Debug|Any CPU.Build.0 = Debug|Any CPU
		{99CBF75F-9204-4D7E-A792-4377C0291900}.Release|Any CPU.ActiveCfg = Release|Any CPU
		{99CBF75F-9204-4D7E-A792-4377C0291900}.Release|Any CPU.Build.0 = Release|Any CPU
		{3DDBC32D-E222-41AD-B2D7-FE9E560948F1}.Debug|Any CPU.ActiveCfg = Debug|Any CPU
		{3DDBC32D-E222-41AD-B2D7-FE9E560948F1}.Debug|Any CPU.Build.0 = Debug|Any CPU
		{3DDBC32D-E222-41AD-B2D7-FE9E560948F1}.Release|Any CPU.ActiveCfg = Release|Any CPU
		{3DDBC32D-E222-41AD-B2D7-FE9E560948F1}.Release|Any CPU.Build.0 = Release|Any CPU
		{BAC1367C-0C16-4B9B-8965-598EC2733A85}.Debug|Any CPU.ActiveCfg = Debug|Any CPU
		{BAC1367C-0C16-4B9B-8965-598EC2733A85}.Debug|Any CPU.Build.0 = Debug|Any CPU
		{BAC1367C-0C16-4B9B-8965-598EC2733A85}.Release|Any CPU.ActiveCfg = Release|Any CPU
		{BAC1367C-0C16-4B9B-8965-598EC2733A85}.Release|Any CPU.Build.0 = Release|Any CPU
		{44A5A11C-4D9E-4219-9E56-46F07E37A3B0}.Debug|Any CPU.ActiveCfg = Debug|Any CPU
		{44A5A11C-4D9E-4219-9E56-46F07E37A3B0}.Debug|Any CPU.Build.0 = Debug|Any CPU
		{44A5A11C-4D9E-4219-9E56-46F07E37A3B0}.Release|Any CPU.ActiveCfg = Release|Any CPU
		{44A5A11C-4D9E-4219-9E56-46F07E37A3B0}.Release|Any CPU.Build.0 = Release|Any CPU
		{FC503293-E2AD-4FE8-856E-F2605D0422D1}.Debug|Any CPU.ActiveCfg = Debug|Any CPU
		{FC503293-E2AD-4FE8-856E-F2605D0422D1}.Debug|Any CPU.Build.0 = Debug|Any CPU
		{FC503293-E2AD-4FE8-856E-F2605D0422D1}.Release|Any CPU.ActiveCfg = Release|Any CPU
		{FC503293-E2AD-4FE8-856E-F2605D0422D1}.Release|Any CPU.Build.0 = Release|Any CPU
		{1D0CF7B3-D0B3-4739-A280-5C0822169E08}.Debug|Any CPU.ActiveCfg = Debug|Any CPU
		{1D0CF7B3-D0B3-4739-A280-5C0822169E08}.Debug|Any CPU.Build.0 = Debug|Any CPU
		{1D0CF7B3-D0B3-4739-A280-5C0822169E08}.Release|Any CPU.ActiveCfg = Release|Any CPU
		{1D0CF7B3-D0B3-4739-A280-5C0822169E08}.Release|Any CPU.Build.0 = Release|Any CPU
		{2D2DBEA1-A199-4311-8F29-CF7AD5EE1C47}.Debug|Any CPU.ActiveCfg = Debug|Any CPU
		{2D2DBEA1-A199-4311-8F29-CF7AD5EE1C47}.Debug|Any CPU.Build.0 = Debug|Any CPU
		{2D2DBEA1-A199-4311-8F29-CF7AD5EE1C47}.Release|Any CPU.ActiveCfg = Release|Any CPU
		{2D2DBEA1-A199-4311-8F29-CF7AD5EE1C47}.Release|Any CPU.Build.0 = Release|Any CPU
		{176029C1-30FC-45C0-88B1-4F06E8E0FF16}.Debug|Any CPU.ActiveCfg = Debug|Any CPU
		{176029C1-30FC-45C0-88B1-4F06E8E0FF16}.Debug|Any CPU.Build.0 = Debug|Any CPU
		{176029C1-30FC-45C0-88B1-4F06E8E0FF16}.Release|Any CPU.ActiveCfg = Release|Any CPU
		{176029C1-30FC-45C0-88B1-4F06E8E0FF16}.Release|Any CPU.Build.0 = Release|Any CPU
		{A5C3DC7C-1E3C-4765-8F7C-5EA67373AB0A}.Debug|Any CPU.ActiveCfg = Debug|Any CPU
		{A5C3DC7C-1E3C-4765-8F7C-5EA67373AB0A}.Debug|Any CPU.Build.0 = Debug|Any CPU
		{A5C3DC7C-1E3C-4765-8F7C-5EA67373AB0A}.Release|Any CPU.ActiveCfg = Release|Any CPU
		{A5C3DC7C-1E3C-4765-8F7C-5EA67373AB0A}.Release|Any CPU.Build.0 = Release|Any CPU
		{485C143A-CF18-4C03-9197-BEBAAC579BE9}.Debug|Any CPU.ActiveCfg = Debug|Any CPU
		{485C143A-CF18-4C03-9197-BEBAAC579BE9}.Debug|Any CPU.Build.0 = Debug|Any CPU
		{485C143A-CF18-4C03-9197-BEBAAC579BE9}.Release|Any CPU.ActiveCfg = Release|Any CPU
		{485C143A-CF18-4C03-9197-BEBAAC579BE9}.Release|Any CPU.Build.0 = Release|Any CPU
		{4D584814-153E-41AF-BB54-4DE708E6069C}.Debug|Any CPU.ActiveCfg = Debug|Any CPU
		{4D584814-153E-41AF-BB54-4DE708E6069C}.Debug|Any CPU.Build.0 = Debug|Any CPU
		{4D584814-153E-41AF-BB54-4DE708E6069C}.Release|Any CPU.ActiveCfg = Release|Any CPU
		{4D584814-153E-41AF-BB54-4DE708E6069C}.Release|Any CPU.Build.0 = Release|Any CPU
		{A9C0B6E3-CDC4-422A-8181-8E937D1D3FBF}.Debug|Any CPU.ActiveCfg = Debug|Any CPU
		{A9C0B6E3-CDC4-422A-8181-8E937D1D3FBF}.Debug|Any CPU.Build.0 = Debug|Any CPU
		{A9C0B6E3-CDC4-422A-8181-8E937D1D3FBF}.Release|Any CPU.ActiveCfg = Release|Any CPU
		{A9C0B6E3-CDC4-422A-8181-8E937D1D3FBF}.Release|Any CPU.Build.0 = Release|Any CPU
		{24A933BA-0CA2-445B-B7DC-170C54293C3C}.Debug|Any CPU.ActiveCfg = Debug|Any CPU
		{24A933BA-0CA2-445B-B7DC-170C54293C3C}.Debug|Any CPU.Build.0 = Debug|Any CPU
		{24A933BA-0CA2-445B-B7DC-170C54293C3C}.Release|Any CPU.ActiveCfg = Release|Any CPU
		{24A933BA-0CA2-445B-B7DC-170C54293C3C}.Release|Any CPU.Build.0 = Release|Any CPU
		{38FDEC89-ABD0-4532-857B-1702259A6E60}.Debug|Any CPU.ActiveCfg = Debug|Any CPU
		{38FDEC89-ABD0-4532-857B-1702259A6E60}.Debug|Any CPU.Build.0 = Debug|Any CPU
		{38FDEC89-ABD0-4532-857B-1702259A6E60}.Release|Any CPU.ActiveCfg = Release|Any CPU
		{38FDEC89-ABD0-4532-857B-1702259A6E60}.Release|Any CPU.Build.0 = Release|Any CPU
		{4848D5A6-B548-4EA5-B2AA-8F714CE86C06}.Debug|Any CPU.ActiveCfg = Debug|Any CPU
		{4848D5A6-B548-4EA5-B2AA-8F714CE86C06}.Debug|Any CPU.Build.0 = Debug|Any CPU
		{4848D5A6-B548-4EA5-B2AA-8F714CE86C06}.Release|Any CPU.ActiveCfg = Release|Any CPU
		{4848D5A6-B548-4EA5-B2AA-8F714CE86C06}.Release|Any CPU.Build.0 = Release|Any CPU
		{BBAADBD1-EA1B-45DF-8569-B0DB5CEDFBDE}.Debug|Any CPU.ActiveCfg = Debug|Any CPU
		{BBAADBD1-EA1B-45DF-8569-B0DB5CEDFBDE}.Debug|Any CPU.Build.0 = Debug|Any CPU
		{BBAADBD1-EA1B-45DF-8569-B0DB5CEDFBDE}.Release|Any CPU.ActiveCfg = Release|Any CPU
		{BBAADBD1-EA1B-45DF-8569-B0DB5CEDFBDE}.Release|Any CPU.Build.0 = Release|Any CPU
		{B6CAAB44-0D58-4EA9-9B4C-6FC15BD6A4C0}.Debug|Any CPU.ActiveCfg = Debug|Any CPU
		{B6CAAB44-0D58-4EA9-9B4C-6FC15BD6A4C0}.Debug|Any CPU.Build.0 = Debug|Any CPU
		{B6CAAB44-0D58-4EA9-9B4C-6FC15BD6A4C0}.Release|Any CPU.ActiveCfg = Release|Any CPU
		{B6CAAB44-0D58-4EA9-9B4C-6FC15BD6A4C0}.Release|Any CPU.Build.0 = Release|Any CPU
		{DDBFBA07-AE35-4EFA-925E-6AE5A004A76B}.Debug|Any CPU.ActiveCfg = Debug|Any CPU
		{DDBFBA07-AE35-4EFA-925E-6AE5A004A76B}.Debug|Any CPU.Build.0 = Debug|Any CPU
		{DDBFBA07-AE35-4EFA-925E-6AE5A004A76B}.Release|Any CPU.ActiveCfg = Release|Any CPU
		{DDBFBA07-AE35-4EFA-925E-6AE5A004A76B}.Release|Any CPU.Build.0 = Release|Any CPU
		{8BC3F28C-2BB2-4445-9355-7954E556A09B}.Debug|Any CPU.ActiveCfg = Debug|Any CPU
		{8BC3F28C-2BB2-4445-9355-7954E556A09B}.Debug|Any CPU.Build.0 = Debug|Any CPU
		{8BC3F28C-2BB2-4445-9355-7954E556A09B}.Release|Any CPU.ActiveCfg = Release|Any CPU
		{8BC3F28C-2BB2-4445-9355-7954E556A09B}.Release|Any CPU.Build.0 = Release|Any CPU
		{FAB3FB34-3477-43C8-BBA5-FDEBE1DF34D4}.Debug|Any CPU.ActiveCfg = Debug|Any CPU
		{FAB3FB34-3477-43C8-BBA5-FDEBE1DF34D4}.Debug|Any CPU.Build.0 = Debug|Any CPU
		{FAB3FB34-3477-43C8-BBA5-FDEBE1DF34D4}.Release|Any CPU.ActiveCfg = Release|Any CPU
		{FAB3FB34-3477-43C8-BBA5-FDEBE1DF34D4}.Release|Any CPU.Build.0 = Release|Any CPU
		{960B09D2-354A-4F23-84E2-370287038BAA}.Debug|Any CPU.ActiveCfg = Debug|Any CPU
		{960B09D2-354A-4F23-84E2-370287038BAA}.Debug|Any CPU.Build.0 = Debug|Any CPU
		{960B09D2-354A-4F23-84E2-370287038BAA}.Release|Any CPU.ActiveCfg = Release|Any CPU
		{960B09D2-354A-4F23-84E2-370287038BAA}.Release|Any CPU.Build.0 = Release|Any CPU
		{7A718E77-35C6-46B1-A187-9FD71A71FD1F}.Debug|Any CPU.ActiveCfg = Debug|Any CPU
		{7A718E77-35C6-46B1-A187-9FD71A71FD1F}.Debug|Any CPU.Build.0 = Debug|Any CPU
		{7A718E77-35C6-46B1-A187-9FD71A71FD1F}.Release|Any CPU.ActiveCfg = Release|Any CPU
		{7A718E77-35C6-46B1-A187-9FD71A71FD1F}.Release|Any CPU.Build.0 = Release|Any CPU
		{A4F20651-F9EF-4656-9A09-40F08AEBD06A}.Debug|Any CPU.ActiveCfg = Debug|Any CPU
		{A4F20651-F9EF-4656-9A09-40F08AEBD06A}.Debug|Any CPU.Build.0 = Debug|Any CPU
		{A4F20651-F9EF-4656-9A09-40F08AEBD06A}.Release|Any CPU.ActiveCfg = Release|Any CPU
		{A4F20651-F9EF-4656-9A09-40F08AEBD06A}.Release|Any CPU.Build.0 = Release|Any CPU
		{256BF93E-AFE2-49C5-856E-8428610E8597}.Debug|Any CPU.ActiveCfg = Debug|Any CPU
		{256BF93E-AFE2-49C5-856E-8428610E8597}.Debug|Any CPU.Build.0 = Debug|Any CPU
		{256BF93E-AFE2-49C5-856E-8428610E8597}.Release|Any CPU.ActiveCfg = Release|Any CPU
		{256BF93E-AFE2-49C5-856E-8428610E8597}.Release|Any CPU.Build.0 = Release|Any CPU
		{AB039B0F-F748-4772-8D7D-07018FA6CD3E}.Debug|Any CPU.ActiveCfg = Debug|Any CPU
		{AB039B0F-F748-4772-8D7D-07018FA6CD3E}.Debug|Any CPU.Build.0 = Debug|Any CPU
		{AB039B0F-F748-4772-8D7D-07018FA6CD3E}.Release|Any CPU.ActiveCfg = Release|Any CPU
		{AB039B0F-F748-4772-8D7D-07018FA6CD3E}.Release|Any CPU.Build.0 = Release|Any CPU
		{BB5371A6-DD39-4F59-AC5B-EEAA087EBF7B}.Debug|Any CPU.ActiveCfg = Debug|Any CPU
		{BB5371A6-DD39-4F59-AC5B-EEAA087EBF7B}.Debug|Any CPU.Build.0 = Debug|Any CPU
		{BB5371A6-DD39-4F59-AC5B-EEAA087EBF7B}.Release|Any CPU.ActiveCfg = Release|Any CPU
		{BB5371A6-DD39-4F59-AC5B-EEAA087EBF7B}.Release|Any CPU.Build.0 = Release|Any CPU
		{EAF2535F-F943-499C-9260-0ADA6F0523C2}.Debug|Any CPU.ActiveCfg = Debug|Any CPU
		{EAF2535F-F943-499C-9260-0ADA6F0523C2}.Debug|Any CPU.Build.0 = Debug|Any CPU
		{EAF2535F-F943-499C-9260-0ADA6F0523C2}.Release|Any CPU.ActiveCfg = Release|Any CPU
		{EAF2535F-F943-499C-9260-0ADA6F0523C2}.Release|Any CPU.Build.0 = Release|Any CPU
		{488C58C3-6510-4A77-9EFC-30041E8B28A1}.Debug|Any CPU.ActiveCfg = Debug|Any CPU
		{488C58C3-6510-4A77-9EFC-30041E8B28A1}.Debug|Any CPU.Build.0 = Debug|Any CPU
		{488C58C3-6510-4A77-9EFC-30041E8B28A1}.Release|Any CPU.ActiveCfg = Release|Any CPU
		{488C58C3-6510-4A77-9EFC-30041E8B28A1}.Release|Any CPU.Build.0 = Release|Any CPU
		{AD5EAA6E-E914-4F6E-80F0-D09FC0D85E21}.Debug|Any CPU.ActiveCfg = Debug|Any CPU
		{AD5EAA6E-E914-4F6E-80F0-D09FC0D85E21}.Debug|Any CPU.Build.0 = Debug|Any CPU
		{AD5EAA6E-E914-4F6E-80F0-D09FC0D85E21}.Release|Any CPU.ActiveCfg = Release|Any CPU
		{AD5EAA6E-E914-4F6E-80F0-D09FC0D85E21}.Release|Any CPU.Build.0 = Release|Any CPU
		{4F3EF4C1-FD7E-428F-9C59-444BA109928D}.Debug|Any CPU.ActiveCfg = Debug|Any CPU
		{4F3EF4C1-FD7E-428F-9C59-444BA109928D}.Debug|Any CPU.Build.0 = Debug|Any CPU
		{4F3EF4C1-FD7E-428F-9C59-444BA109928D}.Release|Any CPU.ActiveCfg = Release|Any CPU
		{4F3EF4C1-FD7E-428F-9C59-444BA109928D}.Release|Any CPU.Build.0 = Release|Any CPU
		{1D795979-0592-4B0C-BA55-332F48396D79}.Debug|Any CPU.ActiveCfg = Debug|Any CPU
		{1D795979-0592-4B0C-BA55-332F48396D79}.Debug|Any CPU.Build.0 = Debug|Any CPU
		{1D795979-0592-4B0C-BA55-332F48396D79}.Release|Any CPU.ActiveCfg = Release|Any CPU
		{1D795979-0592-4B0C-BA55-332F48396D79}.Release|Any CPU.Build.0 = Release|Any CPU
		{F240345B-A680-4398-9FE8-1F589D3A09DB}.Debug|Any CPU.ActiveCfg = Debug|Any CPU
		{F240345B-A680-4398-9FE8-1F589D3A09DB}.Debug|Any CPU.Build.0 = Debug|Any CPU
		{F240345B-A680-4398-9FE8-1F589D3A09DB}.Release|Any CPU.ActiveCfg = Release|Any CPU
		{F240345B-A680-4398-9FE8-1F589D3A09DB}.Release|Any CPU.Build.0 = Release|Any CPU
		{1BFF4141-586B-410A-86EE-A107C314113D}.Debug|Any CPU.ActiveCfg = Debug|Any CPU
		{1BFF4141-586B-410A-86EE-A107C314113D}.Debug|Any CPU.Build.0 = Debug|Any CPU
		{1BFF4141-586B-410A-86EE-A107C314113D}.Release|Any CPU.ActiveCfg = Release|Any CPU
		{1BFF4141-586B-410A-86EE-A107C314113D}.Release|Any CPU.Build.0 = Release|Any CPU
		{DF1C1264-6021-4487-B81E-32405004D013}.Debug|Any CPU.ActiveCfg = Debug|Any CPU
		{DF1C1264-6021-4487-B81E-32405004D013}.Debug|Any CPU.Build.0 = Debug|Any CPU
		{DF1C1264-6021-4487-B81E-32405004D013}.Release|Any CPU.ActiveCfg = Release|Any CPU
		{DF1C1264-6021-4487-B81E-32405004D013}.Release|Any CPU.Build.0 = Release|Any CPU
		{D86E4DAA-67A5-4962-BC34-EBDCFDD08551}.Debug|Any CPU.ActiveCfg = Debug|Any CPU
		{D86E4DAA-67A5-4962-BC34-EBDCFDD08551}.Debug|Any CPU.Build.0 = Debug|Any CPU
		{D86E4DAA-67A5-4962-BC34-EBDCFDD08551}.Release|Any CPU.ActiveCfg = Release|Any CPU
		{D86E4DAA-67A5-4962-BC34-EBDCFDD08551}.Release|Any CPU.Build.0 = Release|Any CPU
		{3CFBAED8-1FCD-4237-B7E6-59FCDC4FB0F5}.Debug|Any CPU.ActiveCfg = Debug|Any CPU
		{3CFBAED8-1FCD-4237-B7E6-59FCDC4FB0F5}.Debug|Any CPU.Build.0 = Debug|Any CPU
		{3CFBAED8-1FCD-4237-B7E6-59FCDC4FB0F5}.Release|Any CPU.ActiveCfg = Release|Any CPU
		{3CFBAED8-1FCD-4237-B7E6-59FCDC4FB0F5}.Release|Any CPU.Build.0 = Release|Any CPU
		{0B2C6825-972B-4B52-84A6-81C668FFCD5C}.Debug|Any CPU.ActiveCfg = Debug|Any CPU
		{0B2C6825-972B-4B52-84A6-81C668FFCD5C}.Debug|Any CPU.Build.0 = Debug|Any CPU
		{0B2C6825-972B-4B52-84A6-81C668FFCD5C}.Release|Any CPU.ActiveCfg = Release|Any CPU
		{0B2C6825-972B-4B52-84A6-81C668FFCD5C}.Release|Any CPU.Build.0 = Release|Any CPU
		{F25CB5A4-DE0E-4476-9736-DCD619BC8960}.Debug|Any CPU.ActiveCfg = Debug|Any CPU
		{F25CB5A4-DE0E-4476-9736-DCD619BC8960}.Debug|Any CPU.Build.0 = Debug|Any CPU
		{F25CB5A4-DE0E-4476-9736-DCD619BC8960}.Release|Any CPU.ActiveCfg = Release|Any CPU
		{F25CB5A4-DE0E-4476-9736-DCD619BC8960}.Release|Any CPU.Build.0 = Release|Any CPU
	EndGlobalSection
	GlobalSection(SolutionProperties) = preSolution
		HideSolutionNode = FALSE
	EndGlobalSection
	GlobalSection(NestedProjects) = preSolution
		{39AFF0C0-D64A-4D57-871F-17D9BF2E5A93} = {A1DFF80C-113F-4FEC-84BB-1E3790FB410F}
		{6A0F1A4B-C0D2-423C-9B9D-7E75B91B41EE} = {70515E66-DAF8-4D18-8F8F-8A2934171AA9}
		{99CBF75F-9204-4D7E-A792-4377C0291900} = {70515E66-DAF8-4D18-8F8F-8A2934171AA9}
		{176029C1-30FC-45C0-88B1-4F06E8E0FF16} = {70515E66-DAF8-4D18-8F8F-8A2934171AA9}
		{FAB3FB34-3477-43C8-BBA5-FDEBE1DF34D4} = {70515E66-DAF8-4D18-8F8F-8A2934171AA9}
		{960B09D2-354A-4F23-84E2-370287038BAA} = {70515E66-DAF8-4D18-8F8F-8A2934171AA9}
		{7A718E77-35C6-46B1-A187-9FD71A71FD1F} = {70515E66-DAF8-4D18-8F8F-8A2934171AA9}
		{A4F20651-F9EF-4656-9A09-40F08AEBD06A} = {70515E66-DAF8-4D18-8F8F-8A2934171AA9}
		{256BF93E-AFE2-49C5-856E-8428610E8597} = {70515E66-DAF8-4D18-8F8F-8A2934171AA9}
		{AB039B0F-F748-4772-8D7D-07018FA6CD3E} = {70515E66-DAF8-4D18-8F8F-8A2934171AA9}
		{BB5371A6-DD39-4F59-AC5B-EEAA087EBF7B} = {70515E66-DAF8-4D18-8F8F-8A2934171AA9}
		{EAF2535F-F943-499C-9260-0ADA6F0523C2} = {70515E66-DAF8-4D18-8F8F-8A2934171AA9}
		{488C58C3-6510-4A77-9EFC-30041E8B28A1} = {70515E66-DAF8-4D18-8F8F-8A2934171AA9}
		{AD5EAA6E-E914-4F6E-80F0-D09FC0D85E21} = {70515E66-DAF8-4D18-8F8F-8A2934171AA9}
		{4F3EF4C1-FD7E-428F-9C59-444BA109928D} = {A1DFF80C-113F-4FEC-84BB-1E3790FB410F}
		{1D795979-0592-4B0C-BA55-332F48396D79} = {A1DFF80C-113F-4FEC-84BB-1E3790FB410F}
		{F240345B-A680-4398-9FE8-1F589D3A09DB} = {A1DFF80C-113F-4FEC-84BB-1E3790FB410F}
		{1BFF4141-586B-410A-86EE-A107C314113D} = {A1DFF80C-113F-4FEC-84BB-1E3790FB410F}
		{DF1C1264-6021-4487-B81E-32405004D013} = {70515E66-DAF8-4D18-8F8F-8A2934171AA9}
		{3CFBAED8-1FCD-4237-B7E6-59FCDC4FB0F5} = {A1DFF80C-113F-4FEC-84BB-1E3790FB410F}
		{0B2C6825-972B-4B52-84A6-81C668FFCD5C} = {A1DFF80C-113F-4FEC-84BB-1E3790FB410F}
		{F25CB5A4-DE0E-4476-9736-DCD619BC8960} = {70515E66-DAF8-4D18-8F8F-8A2934171AA9}
	EndGlobalSection
	GlobalSection(ExtensibilityGlobals) = postSolution
		SolutionGuid = {BD75F5C6-658B-40DF-A8F6-91C3EB76DAAA}
	EndGlobalSection
EndGlobal
