
Microsoft Visual Studio Solution File, Format Version 12.00
# Visual Studio 14
VisualStudioVersion = 14.0.25420.1
MinimumVisualStudioVersion = 10.0.40219.1
Project("{2150E333-8FDC-42A3-9474-1A3956D46DE8}") = "Tests", "Tests", "{70515E66-DAF8-4D18-8F8F-8A2934171AA9}"
EndProject
Project("{2150E333-8FDC-42A3-9474-1A3956D46DE8}") = "Solution Items", "Solution Items", "{4E12E4C1-2EC6-4EC7-8956-AF2721DA4ECE}"
	ProjectSection(SolutionItems) = preProject
		appveyor.yml = appveyor.yml
		global.json = global.json
		README.md = README.md
	EndProjectSection
EndProject
Project("{8BB2217D-0F2D-49D1-97BC-3654ED321F3B}") = "Foundatio", "src\Foundatio\Foundatio.xproj", "{392A3FAB-0067-4A9E-968A-0919B565B51C}"
EndProject
Project("{8BB2217D-0F2D-49D1-97BC-3654ED321F3B}") = "Foundatio.AWS", "src\Foundatio.AWS\Foundatio.AWS.xproj", "{EAE3607D-73A1-4D02-BDAA-24A37DDA15CB}"
EndProject
Project("{8BB2217D-0F2D-49D1-97BC-3654ED321F3B}") = "Foundatio.AzureServiceBus", "src\Foundatio.AzureServiceBus\Foundatio.AzureServiceBus.xproj", "{FDB764D5-BD8A-414B-AA78-B13054D15CF5}"
EndProject
Project("{8BB2217D-0F2D-49D1-97BC-3654ED321F3B}") = "Foundatio.AzureStorage", "src\Foundatio.AzureStorage\Foundatio.AzureStorage.xproj", "{FA2EBF53-AFEC-4288-8565-56A58A4A8123}"
EndProject
Project("{8BB2217D-0F2D-49D1-97BC-3654ED321F3B}") = "Foundatio.Logging.Xunit", "src\Foundatio.Logging.Xunit\Foundatio.Logging.Xunit.xproj", "{921B89CC-BE83-4F79-BFDA-C376026CA804}"
EndProject
Project("{8BB2217D-0F2D-49D1-97BC-3654ED321F3B}") = "Foundatio.MetricsNET", "src\Foundatio.MetricsNET\Foundatio.MetricsNET.xproj", "{F9AEEE11-9E18-4FFE-A962-EB7281BCD561}"
EndProject
Project("{8BB2217D-0F2D-49D1-97BC-3654ED321F3B}") = "Foundatio.Redis", "src\Foundatio.Redis\Foundatio.Redis.xproj", "{16E02164-EE18-4FC0-A8AB-2BB1C04B4534}"
EndProject
Project("{8BB2217D-0F2D-49D1-97BC-3654ED321F3B}") = "Foundatio.Logging.NLog", "src\Foundatio.Logging.NLog\Foundatio.Logging.NLog.xproj", "{75D90539-C2F9-41EB-B032-E680723FCE6F}"
EndProject
Project("{8BB2217D-0F2D-49D1-97BC-3654ED321F3B}") = "Foundatio.AWS.Tests", "test\Foundatio.AWS.Tests\Foundatio.AWS.Tests.xproj", "{B8BDEEF2-2BD0-41FF-BA4C-2D62CC7485DC}"
EndProject
Project("{8BB2217D-0F2D-49D1-97BC-3654ED321F3B}") = "Foundatio.Azure.Tests", "test\Foundatio.Azure.Tests\Foundatio.Azure.Tests.xproj", "{DFCFB06A-396D-4D80-ADB7-0B4B32E5D1CE}"
EndProject
Project("{8BB2217D-0F2D-49D1-97BC-3654ED321F3B}") = "Foundatio.Benchmarks", "test\Foundatio.Benchmarks\Foundatio.Benchmarks.xproj", "{F9C7178F-C7E1-4678-8604-FF5809F69BB9}"
EndProject
Project("{8BB2217D-0F2D-49D1-97BC-3654ED321F3B}") = "Foundatio.Redis.Tests", "test\Foundatio.Redis.Tests\Foundatio.Redis.Tests.xproj", "{93F7E331-CDEF-4EB0-B662-02E7BB42C60B}"
EndProject
Project("{8BB2217D-0F2D-49D1-97BC-3654ED321F3B}") = "Foundatio.Tests", "test\Foundatio.Tests\Foundatio.Tests.xproj", "{990152C5-70BC-4CB7-A2D3-DDE201EEB1E1}"
EndProject
Project("{2150E333-8FDC-42A3-9474-1A3956D46DE8}") = "Samples", "Samples", "{A1DFF80C-113F-4FEC-84BB-1E3790FB410F}"
EndProject
Project("{8BB2217D-0F2D-49D1-97BC-3654ED321F3B}") = "Foundatio.CronJob", "samples\Foundatio.CronJob\Foundatio.CronJob.xproj", "{926A1D0F-4F89-40D6-BCB5-BF37C77211FD}"
EndProject
Project("{8BB2217D-0F2D-49D1-97BC-3654ED321F3B}") = "Foundatio.SampleJob", "samples\Foundatio.SampleJob\Foundatio.SampleJob.xproj", "{9F48A330-7439-4BA2-B583-FDC27BD80475}"
EndProject
Project("{8BB2217D-0F2D-49D1-97BC-3654ED321F3B}") = "Foundatio.SampleJobClient", "samples\Foundatio.SampleJobClient\Foundatio.SampleJobClient.xproj", "{A0A55B08-10EE-4125-9044-C1ADE4B93995}"
EndProject
Project("{8BB2217D-0F2D-49D1-97BC-3654ED321F3B}") = "Foundatio.RabbitMQ", "src\Foundatio.RabbitMQ\Foundatio.RabbitMQ.xproj", "{F115C9AA-57C5-4799-94C8-A1418910CB61}"
EndProject
Project("{8BB2217D-0F2D-49D1-97BC-3654ED321F3B}") = "Foundatio.RabbitMQ.Tests", "test\Foundatio.RabbitMQ.Tests\Foundatio.RabbitMQ.Tests.xproj", "{CE14E239-DC13-423A-BE23-2B806F2313FD}"
EndProject
Project("{8BB2217D-0F2D-49D1-97BC-3654ED321F3B}") = "Foundatio.RabbitMQPublishConsole", "samples\Foundatio.RabbitMQPublishConsole\Foundatio.RabbitMQPublishConsole.xproj", "{E3BE24B5-FC1F-41A0-AAE8-B31D84162D78}"
EndProject
Project("{8BB2217D-0F2D-49D1-97BC-3654ED321F3B}") = "Foundatio.RabbitMQSubscribeConsole", "samples\Foundatio.RabbitMQSubscribeConsole\Foundatio.RabbitMQSubscribeConsole.xproj", "{5250856E-2587-4ED3-AA1A-DD673EC46EF0}"
EndProject
Global
	GlobalSection(SolutionConfigurationPlatforms) = preSolution
		Debug|Any CPU = Debug|Any CPU
		Release|Any CPU = Release|Any CPU
	EndGlobalSection
	GlobalSection(ProjectConfigurationPlatforms) = postSolution
		{392A3FAB-0067-4A9E-968A-0919B565B51C}.Debug|Any CPU.ActiveCfg = Debug|Any CPU
		{392A3FAB-0067-4A9E-968A-0919B565B51C}.Debug|Any CPU.Build.0 = Debug|Any CPU
		{392A3FAB-0067-4A9E-968A-0919B565B51C}.Release|Any CPU.ActiveCfg = Release|Any CPU
		{392A3FAB-0067-4A9E-968A-0919B565B51C}.Release|Any CPU.Build.0 = Release|Any CPU
		{EAE3607D-73A1-4D02-BDAA-24A37DDA15CB}.Debug|Any CPU.ActiveCfg = Debug|Any CPU
		{EAE3607D-73A1-4D02-BDAA-24A37DDA15CB}.Debug|Any CPU.Build.0 = Debug|Any CPU
		{EAE3607D-73A1-4D02-BDAA-24A37DDA15CB}.Release|Any CPU.ActiveCfg = Release|Any CPU
		{EAE3607D-73A1-4D02-BDAA-24A37DDA15CB}.Release|Any CPU.Build.0 = Release|Any CPU
		{FDB764D5-BD8A-414B-AA78-B13054D15CF5}.Debug|Any CPU.ActiveCfg = Debug|Any CPU
		{FDB764D5-BD8A-414B-AA78-B13054D15CF5}.Debug|Any CPU.Build.0 = Debug|Any CPU
		{FDB764D5-BD8A-414B-AA78-B13054D15CF5}.Release|Any CPU.ActiveCfg = Release|Any CPU
		{FDB764D5-BD8A-414B-AA78-B13054D15CF5}.Release|Any CPU.Build.0 = Release|Any CPU
		{FA2EBF53-AFEC-4288-8565-56A58A4A8123}.Debug|Any CPU.ActiveCfg = Debug|Any CPU
		{FA2EBF53-AFEC-4288-8565-56A58A4A8123}.Debug|Any CPU.Build.0 = Debug|Any CPU
		{FA2EBF53-AFEC-4288-8565-56A58A4A8123}.Release|Any CPU.ActiveCfg = Release|Any CPU
		{FA2EBF53-AFEC-4288-8565-56A58A4A8123}.Release|Any CPU.Build.0 = Release|Any CPU
		{921B89CC-BE83-4F79-BFDA-C376026CA804}.Debug|Any CPU.ActiveCfg = Debug|Any CPU
		{921B89CC-BE83-4F79-BFDA-C376026CA804}.Debug|Any CPU.Build.0 = Debug|Any CPU
		{921B89CC-BE83-4F79-BFDA-C376026CA804}.Release|Any CPU.ActiveCfg = Release|Any CPU
		{921B89CC-BE83-4F79-BFDA-C376026CA804}.Release|Any CPU.Build.0 = Release|Any CPU
		{F9AEEE11-9E18-4FFE-A962-EB7281BCD561}.Debug|Any CPU.ActiveCfg = Debug|Any CPU
		{F9AEEE11-9E18-4FFE-A962-EB7281BCD561}.Debug|Any CPU.Build.0 = Debug|Any CPU
		{F9AEEE11-9E18-4FFE-A962-EB7281BCD561}.Release|Any CPU.ActiveCfg = Release|Any CPU
		{F9AEEE11-9E18-4FFE-A962-EB7281BCD561}.Release|Any CPU.Build.0 = Release|Any CPU
		{16E02164-EE18-4FC0-A8AB-2BB1C04B4534}.Debug|Any CPU.ActiveCfg = Debug|Any CPU
		{16E02164-EE18-4FC0-A8AB-2BB1C04B4534}.Debug|Any CPU.Build.0 = Debug|Any CPU
		{16E02164-EE18-4FC0-A8AB-2BB1C04B4534}.Release|Any CPU.ActiveCfg = Release|Any CPU
		{16E02164-EE18-4FC0-A8AB-2BB1C04B4534}.Release|Any CPU.Build.0 = Release|Any CPU
		{75D90539-C2F9-41EB-B032-E680723FCE6F}.Debug|Any CPU.ActiveCfg = Debug|Any CPU
		{75D90539-C2F9-41EB-B032-E680723FCE6F}.Debug|Any CPU.Build.0 = Debug|Any CPU
		{75D90539-C2F9-41EB-B032-E680723FCE6F}.Release|Any CPU.ActiveCfg = Release|Any CPU
		{75D90539-C2F9-41EB-B032-E680723FCE6F}.Release|Any CPU.Build.0 = Release|Any CPU
		{B8BDEEF2-2BD0-41FF-BA4C-2D62CC7485DC}.Debug|Any CPU.ActiveCfg = Debug|Any CPU
		{B8BDEEF2-2BD0-41FF-BA4C-2D62CC7485DC}.Debug|Any CPU.Build.0 = Debug|Any CPU
		{B8BDEEF2-2BD0-41FF-BA4C-2D62CC7485DC}.Release|Any CPU.ActiveCfg = Release|Any CPU
		{B8BDEEF2-2BD0-41FF-BA4C-2D62CC7485DC}.Release|Any CPU.Build.0 = Release|Any CPU
		{DFCFB06A-396D-4D80-ADB7-0B4B32E5D1CE}.Debug|Any CPU.ActiveCfg = Debug|Any CPU
		{DFCFB06A-396D-4D80-ADB7-0B4B32E5D1CE}.Debug|Any CPU.Build.0 = Debug|Any CPU
		{DFCFB06A-396D-4D80-ADB7-0B4B32E5D1CE}.Release|Any CPU.ActiveCfg = Release|Any CPU
		{DFCFB06A-396D-4D80-ADB7-0B4B32E5D1CE}.Release|Any CPU.Build.0 = Release|Any CPU
		{F9C7178F-C7E1-4678-8604-FF5809F69BB9}.Debug|Any CPU.ActiveCfg = Debug|Any CPU
		{F9C7178F-C7E1-4678-8604-FF5809F69BB9}.Debug|Any CPU.Build.0 = Debug|Any CPU
		{F9C7178F-C7E1-4678-8604-FF5809F69BB9}.Release|Any CPU.ActiveCfg = Release|Any CPU
		{F9C7178F-C7E1-4678-8604-FF5809F69BB9}.Release|Any CPU.Build.0 = Release|Any CPU
		{93F7E331-CDEF-4EB0-B662-02E7BB42C60B}.Debug|Any CPU.ActiveCfg = Debug|Any CPU
		{93F7E331-CDEF-4EB0-B662-02E7BB42C60B}.Debug|Any CPU.Build.0 = Debug|Any CPU
		{93F7E331-CDEF-4EB0-B662-02E7BB42C60B}.Release|Any CPU.ActiveCfg = Release|Any CPU
		{93F7E331-CDEF-4EB0-B662-02E7BB42C60B}.Release|Any CPU.Build.0 = Release|Any CPU
		{990152C5-70BC-4CB7-A2D3-DDE201EEB1E1}.Debug|Any CPU.ActiveCfg = Debug|Any CPU
		{990152C5-70BC-4CB7-A2D3-DDE201EEB1E1}.Debug|Any CPU.Build.0 = Debug|Any CPU
		{990152C5-70BC-4CB7-A2D3-DDE201EEB1E1}.Release|Any CPU.ActiveCfg = Release|Any CPU
		{990152C5-70BC-4CB7-A2D3-DDE201EEB1E1}.Release|Any CPU.Build.0 = Release|Any CPU
		{926A1D0F-4F89-40D6-BCB5-BF37C77211FD}.Debug|Any CPU.ActiveCfg = Debug|Any CPU
		{926A1D0F-4F89-40D6-BCB5-BF37C77211FD}.Debug|Any CPU.Build.0 = Debug|Any CPU
		{926A1D0F-4F89-40D6-BCB5-BF37C77211FD}.Release|Any CPU.ActiveCfg = Release|Any CPU
		{926A1D0F-4F89-40D6-BCB5-BF37C77211FD}.Release|Any CPU.Build.0 = Release|Any CPU
		{9F48A330-7439-4BA2-B583-FDC27BD80475}.Debug|Any CPU.ActiveCfg = Debug|Any CPU
		{9F48A330-7439-4BA2-B583-FDC27BD80475}.Debug|Any CPU.Build.0 = Debug|Any CPU
		{9F48A330-7439-4BA2-B583-FDC27BD80475}.Release|Any CPU.ActiveCfg = Release|Any CPU
		{9F48A330-7439-4BA2-B583-FDC27BD80475}.Release|Any CPU.Build.0 = Release|Any CPU
		{A0A55B08-10EE-4125-9044-C1ADE4B93995}.Debug|Any CPU.ActiveCfg = Debug|Any CPU
		{A0A55B08-10EE-4125-9044-C1ADE4B93995}.Debug|Any CPU.Build.0 = Debug|Any CPU
		{A0A55B08-10EE-4125-9044-C1ADE4B93995}.Release|Any CPU.ActiveCfg = Release|Any CPU
		{A0A55B08-10EE-4125-9044-C1ADE4B93995}.Release|Any CPU.Build.0 = Release|Any CPU
		{F115C9AA-57C5-4799-94C8-A1418910CB61}.Debug|Any CPU.ActiveCfg = Debug|Any CPU
		{F115C9AA-57C5-4799-94C8-A1418910CB61}.Debug|Any CPU.Build.0 = Debug|Any CPU
		{F115C9AA-57C5-4799-94C8-A1418910CB61}.Release|Any CPU.ActiveCfg = Release|Any CPU
		{F115C9AA-57C5-4799-94C8-A1418910CB61}.Release|Any CPU.Build.0 = Release|Any CPU
		{CE14E239-DC13-423A-BE23-2B806F2313FD}.Debug|Any CPU.ActiveCfg = Debug|Any CPU
		{CE14E239-DC13-423A-BE23-2B806F2313FD}.Debug|Any CPU.Build.0 = Debug|Any CPU
		{CE14E239-DC13-423A-BE23-2B806F2313FD}.Release|Any CPU.ActiveCfg = Release|Any CPU
		{CE14E239-DC13-423A-BE23-2B806F2313FD}.Release|Any CPU.Build.0 = Release|Any CPU
		{E3BE24B5-FC1F-41A0-AAE8-B31D84162D78}.Debug|Any CPU.ActiveCfg = Debug|Any CPU
		{E3BE24B5-FC1F-41A0-AAE8-B31D84162D78}.Debug|Any CPU.Build.0 = Debug|Any CPU
		{E3BE24B5-FC1F-41A0-AAE8-B31D84162D78}.Release|Any CPU.ActiveCfg = Release|Any CPU
		{E3BE24B5-FC1F-41A0-AAE8-B31D84162D78}.Release|Any CPU.Build.0 = Release|Any CPU
		{5250856E-2587-4ED3-AA1A-DD673EC46EF0}.Debug|Any CPU.ActiveCfg = Debug|Any CPU
		{5250856E-2587-4ED3-AA1A-DD673EC46EF0}.Debug|Any CPU.Build.0 = Debug|Any CPU
		{5250856E-2587-4ED3-AA1A-DD673EC46EF0}.Release|Any CPU.ActiveCfg = Release|Any CPU
		{5250856E-2587-4ED3-AA1A-DD673EC46EF0}.Release|Any CPU.Build.0 = Release|Any CPU
	EndGlobalSection
	GlobalSection(SolutionProperties) = preSolution
		HideSolutionNode = FALSE
	EndGlobalSection
	GlobalSection(NestedProjects) = preSolution
		{B8BDEEF2-2BD0-41FF-BA4C-2D62CC7485DC} = {70515E66-DAF8-4D18-8F8F-8A2934171AA9}
		{DFCFB06A-396D-4D80-ADB7-0B4B32E5D1CE} = {70515E66-DAF8-4D18-8F8F-8A2934171AA9}
		{F9C7178F-C7E1-4678-8604-FF5809F69BB9} = {70515E66-DAF8-4D18-8F8F-8A2934171AA9}
		{93F7E331-CDEF-4EB0-B662-02E7BB42C60B} = {70515E66-DAF8-4D18-8F8F-8A2934171AA9}
		{990152C5-70BC-4CB7-A2D3-DDE201EEB1E1} = {70515E66-DAF8-4D18-8F8F-8A2934171AA9}
		{926A1D0F-4F89-40D6-BCB5-BF37C77211FD} = {A1DFF80C-113F-4FEC-84BB-1E3790FB410F}
		{9F48A330-7439-4BA2-B583-FDC27BD80475} = {A1DFF80C-113F-4FEC-84BB-1E3790FB410F}
		{A0A55B08-10EE-4125-9044-C1ADE4B93995} = {A1DFF80C-113F-4FEC-84BB-1E3790FB410F}
		{CE14E239-DC13-423A-BE23-2B806F2313FD} = {70515E66-DAF8-4D18-8F8F-8A2934171AA9}
		{E3BE24B5-FC1F-41A0-AAE8-B31D84162D78} = {A1DFF80C-113F-4FEC-84BB-1E3790FB410F}
		{5250856E-2587-4ED3-AA1A-DD673EC46EF0} = {A1DFF80C-113F-4FEC-84BB-1E3790FB410F}
	EndGlobalSection
EndGlobal
