
Microsoft Visual Studio Solution File, Format Version 12.00
# Visual Studio 2013
VisualStudioVersion = 12.0.31101.0
MinimumVisualStudioVersion = 10.0.40219.1
Project("{FAE04EC0-301F-11D3-BF4B-00C04F79EFBC}") = "Foundatio", "src\Core\Foundatio.csproj", "{F5B6C2B5-485F-4A4B-8E00-D5F77676CD6E}"
EndProject
Project("{FAE04EC0-301F-11D3-BF4B-00C04F79EFBC}") = "Foundatio.Redis", "src\Redis\Foundatio.Redis.csproj", "{E2029C76-1003-4A72-8407-81DDF4B2B102}"
EndProject
Project("{FAE04EC0-301F-11D3-BF4B-00C04F79EFBC}") = "Foundatio.AzureServiceBus", "src\Azure\Foundatio.AzureServiceBus.csproj", "{075BC817-A72D-45B4-8473-7635591146D5}"
EndProject
Project("{FAE04EC0-301F-11D3-BF4B-00C04F79EFBC}") = "Foundatio.Tests", "src\Core\Tests\Foundatio.Tests.csproj", "{23002BA4-8663-460B-8D67-3AA941B0322A}"
EndProject
Project("{FAE04EC0-301F-11D3-BF4B-00C04F79EFBC}") = "Foundatio.Redis.Tests", "src\Redis\Tests\Foundatio.Redis.Tests.csproj", "{06F778A3-3563-42FE-8A40-3BA16201CCB0}"
EndProject
Project("{FAE04EC0-301F-11D3-BF4B-00C04F79EFBC}") = "Foundatio.Azure.Tests", "src\Azure\Tests\Foundatio.Azure.Tests.csproj", "{07E315CC-4852-42F9-B502-30A6E3724F6C}"
EndProject
Project("{2150E333-8FDC-42A3-9474-1A3956D46DE8}") = "Tests", "Tests", "{70515E66-DAF8-4D18-8F8F-8A2934171AA9}"
EndProject
Project("{2150E333-8FDC-42A3-9474-1A3956D46DE8}") = "Solution Items", "Solution Items", "{4E12E4C1-2EC6-4EC7-8956-AF2721DA4ECE}"
	ProjectSection(SolutionItems) = preProject
		appveyor.yml = appveyor.yml
	EndProjectSection
EndProject
Project("{FAE04EC0-301F-11D3-BF4B-00C04F79EFBC}") = "Foundatio.JobRunner", "src\JobRunner\Foundatio.JobRunner.csproj", "{36769D64-8EAC-45C1-9AF8-5B7E4D070071}"
	ProjectSection(ProjectDependencies) = postProject
		{CA7CD628-686F-4821-879B-5A8158C3EBB1} = {CA7CD628-686F-4821-879B-5A8158C3EBB1}
	EndProjectSection
EndProject
Project("{FAE04EC0-301F-11D3-BF4B-00C04F79EFBC}") = "Foundatio.AzureStorage", "src\AzureStorage\Foundatio.AzureStorage.csproj", "{71CFDEF8-8C3F-444C-A562-8236FAFB51CA}"
EndProject
Project("{FAE04EC0-301F-11D3-BF4B-00C04F79EFBC}") = "Foundatio.JobSample", "src\JobSample\Foundatio.JobSample.csproj", "{CA7CD628-686F-4821-879B-5A8158C3EBB1}"
EndProject
Global
	GlobalSection(SolutionConfigurationPlatforms) = preSolution
		Debug|Any CPU = Debug|Any CPU
		Release|Any CPU = Release|Any CPU
	EndGlobalSection
	GlobalSection(ProjectConfigurationPlatforms) = postSolution
		{F5B6C2B5-485F-4A4B-8E00-D5F77676CD6E}.Debug|Any CPU.ActiveCfg = Debug|Any CPU
		{F5B6C2B5-485F-4A4B-8E00-D5F77676CD6E}.Debug|Any CPU.Build.0 = Debug|Any CPU
		{F5B6C2B5-485F-4A4B-8E00-D5F77676CD6E}.Release|Any CPU.ActiveCfg = Release|Any CPU
		{F5B6C2B5-485F-4A4B-8E00-D5F77676CD6E}.Release|Any CPU.Build.0 = Release|Any CPU
		{E2029C76-1003-4A72-8407-81DDF4B2B102}.Debug|Any CPU.ActiveCfg = Debug|Any CPU
		{E2029C76-1003-4A72-8407-81DDF4B2B102}.Debug|Any CPU.Build.0 = Debug|Any CPU
		{E2029C76-1003-4A72-8407-81DDF4B2B102}.Release|Any CPU.ActiveCfg = Release|Any CPU
		{E2029C76-1003-4A72-8407-81DDF4B2B102}.Release|Any CPU.Build.0 = Release|Any CPU
		{075BC817-A72D-45B4-8473-7635591146D5}.Debug|Any CPU.ActiveCfg = Debug|Any CPU
		{075BC817-A72D-45B4-8473-7635591146D5}.Debug|Any CPU.Build.0 = Debug|Any CPU
		{075BC817-A72D-45B4-8473-7635591146D5}.Release|Any CPU.ActiveCfg = Release|Any CPU
		{075BC817-A72D-45B4-8473-7635591146D5}.Release|Any CPU.Build.0 = Release|Any CPU
		{23002BA4-8663-460B-8D67-3AA941B0322A}.Debug|Any CPU.ActiveCfg = Debug|Any CPU
		{23002BA4-8663-460B-8D67-3AA941B0322A}.Debug|Any CPU.Build.0 = Debug|Any CPU
		{23002BA4-8663-460B-8D67-3AA941B0322A}.Release|Any CPU.ActiveCfg = Release|Any CPU
		{23002BA4-8663-460B-8D67-3AA941B0322A}.Release|Any CPU.Build.0 = Release|Any CPU
		{06F778A3-3563-42FE-8A40-3BA16201CCB0}.Debug|Any CPU.ActiveCfg = Debug|Any CPU
		{06F778A3-3563-42FE-8A40-3BA16201CCB0}.Debug|Any CPU.Build.0 = Debug|Any CPU
		{06F778A3-3563-42FE-8A40-3BA16201CCB0}.Release|Any CPU.ActiveCfg = Release|Any CPU
		{06F778A3-3563-42FE-8A40-3BA16201CCB0}.Release|Any CPU.Build.0 = Release|Any CPU
		{07E315CC-4852-42F9-B502-30A6E3724F6C}.Debug|Any CPU.ActiveCfg = Debug|Any CPU
		{07E315CC-4852-42F9-B502-30A6E3724F6C}.Debug|Any CPU.Build.0 = Debug|Any CPU
		{07E315CC-4852-42F9-B502-30A6E3724F6C}.Release|Any CPU.ActiveCfg = Release|Any CPU
		{07E315CC-4852-42F9-B502-30A6E3724F6C}.Release|Any CPU.Build.0 = Release|Any CPU
		{36769D64-8EAC-45C1-9AF8-5B7E4D070071}.Debug|Any CPU.ActiveCfg = Debug|Any CPU
		{36769D64-8EAC-45C1-9AF8-5B7E4D070071}.Debug|Any CPU.Build.0 = Debug|Any CPU
		{36769D64-8EAC-45C1-9AF8-5B7E4D070071}.Release|Any CPU.ActiveCfg = Release|Any CPU
		{36769D64-8EAC-45C1-9AF8-5B7E4D070071}.Release|Any CPU.Build.0 = Release|Any CPU
		{71CFDEF8-8C3F-444C-A562-8236FAFB51CA}.Debug|Any CPU.ActiveCfg = Debug|Any CPU
		{71CFDEF8-8C3F-444C-A562-8236FAFB51CA}.Debug|Any CPU.Build.0 = Debug|Any CPU
		{71CFDEF8-8C3F-444C-A562-8236FAFB51CA}.Release|Any CPU.ActiveCfg = Release|Any CPU
		{71CFDEF8-8C3F-444C-A562-8236FAFB51CA}.Release|Any CPU.Build.0 = Release|Any CPU
		{CA7CD628-686F-4821-879B-5A8158C3EBB1}.Debug|Any CPU.ActiveCfg = Debug|Any CPU
		{CA7CD628-686F-4821-879B-5A8158C3EBB1}.Debug|Any CPU.Build.0 = Debug|Any CPU
		{CA7CD628-686F-4821-879B-5A8158C3EBB1}.Release|Any CPU.ActiveCfg = Release|Any CPU
		{CA7CD628-686F-4821-879B-5A8158C3EBB1}.Release|Any CPU.Build.0 = Release|Any CPU
	EndGlobalSection
	GlobalSection(SolutionProperties) = preSolution
		HideSolutionNode = FALSE
	EndGlobalSection
	GlobalSection(NestedProjects) = preSolution
		{23002BA4-8663-460B-8D67-3AA941B0322A} = {70515E66-DAF8-4D18-8F8F-8A2934171AA9}
		{06F778A3-3563-42FE-8A40-3BA16201CCB0} = {70515E66-DAF8-4D18-8F8F-8A2934171AA9}
		{07E315CC-4852-42F9-B502-30A6E3724F6C} = {70515E66-DAF8-4D18-8F8F-8A2934171AA9}
	EndGlobalSection
EndGlobal
